
Microsoft Visual Studio Solution File, Format Version 12.00
Project("{FAE04EC0-301F-11D3-BF4B-00C04F79EFBC}") = "GameOfTournaments.Data", "GameOfTournaments.Data\GameOfTournaments.Data.csproj", "{9E8F7108-E6D5-404A-9A56-09812B026BF8}"
EndProject
Project("{FAE04EC0-301F-11D3-BF4B-00C04F79EFBC}") = "GameOfTournaments.Web", "GameOfTournaments.Web\GameOfTournaments.Web.csproj", "{2C25E0E1-141F-4927-A36D-40035E7E2342}"
EndProject
Project("{FAE04EC0-301F-11D3-BF4B-00C04F79EFBC}") = "GameOfTournaments.Services", "GameOfTournaments.Services\GameOfTournaments.Services.csproj", "{1A1324E0-50AF-4285-8911-5C65972AAC00}"
EndProject
Project("{FAE04EC0-301F-11D3-BF4B-00C04F79EFBC}") = "GameOfTournaments.Shared", "GameOfTournaments.Shared\GameOfTournaments.Shared.csproj", "{F870C26B-A2B9-4D42-9184-90DF0EBFEA74}"
EndProject
Project("{2150E333-8FDC-42A3-9474-1A3956D46DE8}") = "src", "src", "{07D34C48-1896-4DC4-8F83-60E1B79EA308}"
EndProject
Project("{2150E333-8FDC-42A3-9474-1A3956D46DE8}") = "tests", "tests", "{E7A18A53-B50C-43A7-BB43-385E3611C8BF}"
EndProject
Project("{FAE04EC0-301F-11D3-BF4B-00C04F79EFBC}") = "CacheTests", "..\tests\CacheTests\CacheTests.csproj", "{7257D046-1594-4674-844E-94D10E6DF47A}"
EndProject
Project("{FAE04EC0-301F-11D3-BF4B-00C04F79EFBC}") = "GameOfTournamentsTests", "..\tests\GameOfTournamentsTests\GameOfTournamentsTests.csproj", "{E268F6AE-DFAF-4482-AD93-394C4B8218DB}"
EndProject
Project("{FAE04EC0-301F-11D3-BF4B-00C04F79EFBC}") = "GameOfTournaments.Service.Tests", "GameOfTournaments.Service.Tests\GameOfTournaments.Service.Tests.csproj", "{0ECF4CFE-9B97-4D92-A1FD-D47F7B904CEF}"
EndProject
Project("{FAE04EC0-301F-11D3-BF4B-00C04F79EFBC}") = "GameOfTournaments.Data.Shared", "GameOfTournaments.Data.Shared\GameOfTournaments.Data.Shared.csproj", "{0EF8FB71-CAE2-46E5-B5DD-AFA2514C97AF}"
EndProject
Global
	GlobalSection(SolutionConfigurationPlatforms) = preSolution
		Debug|Any CPU = Debug|Any CPU
		Release|Any CPU = Release|Any CPU
	EndGlobalSection
	GlobalSection(ProjectConfigurationPlatforms) = postSolution
		{9E8F7108-E6D5-404A-9A56-09812B026BF8}.Debug|Any CPU.ActiveCfg = Debug|Any CPU
		{9E8F7108-E6D5-404A-9A56-09812B026BF8}.Debug|Any CPU.Build.0 = Debug|Any CPU
		{9E8F7108-E6D5-404A-9A56-09812B026BF8}.Release|Any CPU.ActiveCfg = Release|Any CPU
		{9E8F7108-E6D5-404A-9A56-09812B026BF8}.Release|Any CPU.Build.0 = Release|Any CPU
		{2C25E0E1-141F-4927-A36D-40035E7E2342}.Debug|Any CPU.ActiveCfg = Debug|Any CPU
		{2C25E0E1-141F-4927-A36D-40035E7E2342}.Debug|Any CPU.Build.0 = Debug|Any CPU
		{2C25E0E1-141F-4927-A36D-40035E7E2342}.Release|Any CPU.ActiveCfg = Release|Any CPU
		{2C25E0E1-141F-4927-A36D-40035E7E2342}.Release|Any CPU.Build.0 = Release|Any CPU
		{1A1324E0-50AF-4285-8911-5C65972AAC00}.Debug|Any CPU.ActiveCfg = Debug|Any CPU
		{1A1324E0-50AF-4285-8911-5C65972AAC00}.Debug|Any CPU.Build.0 = Debug|Any CPU
		{1A1324E0-50AF-4285-8911-5C65972AAC00}.Release|Any CPU.ActiveCfg = Release|Any CPU
		{1A1324E0-50AF-4285-8911-5C65972AAC00}.Release|Any CPU.Build.0 = Release|Any CPU
		{F870C26B-A2B9-4D42-9184-90DF0EBFEA74}.Debug|Any CPU.ActiveCfg = Debug|Any CPU
		{F870C26B-A2B9-4D42-9184-90DF0EBFEA74}.Debug|Any CPU.Build.0 = Debug|Any CPU
		{F870C26B-A2B9-4D42-9184-90DF0EBFEA74}.Release|Any CPU.ActiveCfg = Release|Any CPU
		{F870C26B-A2B9-4D42-9184-90DF0EBFEA74}.Release|Any CPU.Build.0 = Release|Any CPU
		{7257D046-1594-4674-844E-94D10E6DF47A}.Debug|Any CPU.ActiveCfg = Debug|Any CPU
		{7257D046-1594-4674-844E-94D10E6DF47A}.Debug|Any CPU.Build.0 = Debug|Any CPU
		{7257D046-1594-4674-844E-94D10E6DF47A}.Release|Any CPU.ActiveCfg = Release|Any CPU
		{7257D046-1594-4674-844E-94D10E6DF47A}.Release|Any CPU.Build.0 = Release|Any CPU
		{E268F6AE-DFAF-4482-AD93-394C4B8218DB}.Debug|Any CPU.ActiveCfg = Debug|Any CPU
		{E268F6AE-DFAF-4482-AD93-394C4B8218DB}.Debug|Any CPU.Build.0 = Debug|Any CPU
		{E268F6AE-DFAF-4482-AD93-394C4B8218DB}.Release|Any CPU.ActiveCfg = Release|Any CPU
		{E268F6AE-DFAF-4482-AD93-394C4B8218DB}.Release|Any CPU.Build.0 = Release|Any CPU
		{0ECF4CFE-9B97-4D92-A1FD-D47F7B904CEF}.Debug|Any CPU.ActiveCfg = Debug|Any CPU
		{0ECF4CFE-9B97-4D92-A1FD-D47F7B904CEF}.Debug|Any CPU.Build.0 = Debug|Any CPU
		{0ECF4CFE-9B97-4D92-A1FD-D47F7B904CEF}.Release|Any CPU.ActiveCfg = Release|Any CPU
		{0ECF4CFE-9B97-4D92-A1FD-D47F7B904CEF}.Release|Any CPU.Build.0 = Release|Any CPU
		{0EF8FB71-CAE2-46E5-B5DD-AFA2514C97AF}.Debug|Any CPU.ActiveCfg = Debug|Any CPU
		{0EF8FB71-CAE2-46E5-B5DD-AFA2514C97AF}.Debug|Any CPU.Build.0 = Debug|Any CPU
		{0EF8FB71-CAE2-46E5-B5DD-AFA2514C97AF}.Release|Any CPU.ActiveCfg = Release|Any CPU
		{0EF8FB71-CAE2-46E5-B5DD-AFA2514C97AF}.Release|Any CPU.Build.0 = Release|Any CPU
	EndGlobalSection
	GlobalSection(NestedProjects) = preSolution
		{9E8F7108-E6D5-404A-9A56-09812B026BF8} = {07D34C48-1896-4DC4-8F83-60E1B79EA308}
		{1A1324E0-50AF-4285-8911-5C65972AAC00} = {07D34C48-1896-4DC4-8F83-60E1B79EA308}
		{F870C26B-A2B9-4D42-9184-90DF0EBFEA74} = {07D34C48-1896-4DC4-8F83-60E1B79EA308}
		{2C25E0E1-141F-4927-A36D-40035E7E2342} = {07D34C48-1896-4DC4-8F83-60E1B79EA308}
		{7257D046-1594-4674-844E-94D10E6DF47A} = {E7A18A53-B50C-43A7-BB43-385E3611C8BF}
		{E268F6AE-DFAF-4482-AD93-394C4B8218DB} = {E7A18A53-B50C-43A7-BB43-385E3611C8BF}
		{0ECF4CFE-9B97-4D92-A1FD-D47F7B904CEF} = {E7A18A53-B50C-43A7-BB43-385E3611C8BF}
		{0EF8FB71-CAE2-46E5-B5DD-AFA2514C97AF} = {07D34C48-1896-4DC4-8F83-60E1B79EA308}
	EndGlobalSection
EndGlobal
